
Microsoft Visual Studio Solution File, Format Version 12.00
# Visual Studio Version 17
VisualStudioVersion = 17.11.35312.102
MinimumVisualStudioVersion = 10.0.40219.1
Project("{FAE04EC0-301F-11D3-BF4B-00C04F79EFBC}") = "VendaPues.Shared", "VendaPues.Shared\VendaPues.Shared.csproj", "{E274B431-0A86-412D-B740-316ED0D5482A}"
EndProject
Project("{FAE04EC0-301F-11D3-BF4B-00C04F79EFBC}") = "VendaPues.Backend", "VendaPues.Backend\VendaPues.Backend.csproj", "{805DE169-94EF-42EA-B4E1-17E2AE49A13B}"
EndProject
Project("{FAE04EC0-301F-11D3-BF4B-00C04F79EFBC}") = "VendaPues.Frontend", "VendaPues.Frontend\VendaPues.Frontend.csproj", "{E935594C-F7B3-4BF3-A14B-1A59EC77B9EA}"
EndProject
Global
	GlobalSection(SolutionConfigurationPlatforms) = preSolution
		Debug|Any CPU = Debug|Any CPU
		Release|Any CPU = Release|Any CPU
	EndGlobalSection
	GlobalSection(ProjectConfigurationPlatforms) = postSolution
		{E274B431-0A86-412D-B740-316ED0D5482A}.Debug|Any CPU.ActiveCfg = Debug|Any CPU
		{E274B431-0A86-412D-B740-316ED0D5482A}.Debug|Any CPU.Build.0 = Debug|Any CPU
		{E274B431-0A86-412D-B740-316ED0D5482A}.Release|Any CPU.ActiveCfg = Release|Any CPU
		{E274B431-0A86-412D-B740-316ED0D5482A}.Release|Any CPU.Build.0 = Release|Any CPU
		{805DE169-94EF-42EA-B4E1-17E2AE49A13B}.Debug|Any CPU.ActiveCfg = Debug|Any CPU
		{805DE169-94EF-42EA-B4E1-17E2AE49A13B}.Debug|Any CPU.Build.0 = Debug|Any CPU
		{805DE169-94EF-42EA-B4E1-17E2AE49A13B}.Release|Any CPU.ActiveCfg = Release|Any CPU
		{805DE169-94EF-42EA-B4E1-17E2AE49A13B}.Release|Any CPU.Build.0 = Release|Any CPU
		{E935594C-F7B3-4BF3-A14B-1A59EC77B9EA}.Debug|Any CPU.ActiveCfg = Debug|Any CPU
		{E935594C-F7B3-4BF3-A14B-1A59EC77B9EA}.Debug|Any CPU.Build.0 = Debug|Any CPU
		{E935594C-F7B3-4BF3-A14B-1A59EC77B9EA}.Release|Any CPU.ActiveCfg = Release|Any CPU
		{E935594C-F7B3-4BF3-A14B-1A59EC77B9EA}.Release|Any CPU.Build.0 = Release|Any CPU
	EndGlobalSection
	GlobalSection(SolutionProperties) = preSolution
		HideSolutionNode = FALSE
	EndGlobalSection
	GlobalSection(ExtensibilityGlobals) = postSolution
		SolutionGuid = {EACCE225-0304-43C8-8246-FA01C54F82E5}
	EndGlobalSection
EndGlobal
