
Microsoft Visual Studio Solution File, Format Version 12.00
# Visual Studio Version 17
VisualStudioVersion = 17.11.35312.102
MinimumVisualStudioVersion = 10.0.40219.1
Project("{FAE04EC0-301F-11D3-BF4B-00C04F79EFBC}") = "VendaPues.Backend", "VendaPues.Backend\VendaPues.Backend.csproj", "{39FA2734-661B-4466-AB3D-AAD77B3ED670}"
EndProject
Global
	GlobalSection(SolutionConfigurationPlatforms) = preSolution
		Debug|Any CPU = Debug|Any CPU
		Release|Any CPU = Release|Any CPU
	EndGlobalSection
	GlobalSection(ProjectConfigurationPlatforms) = postSolution
		{39FA2734-661B-4466-AB3D-AAD77B3ED670}.Debug|Any CPU.ActiveCfg = Debug|Any CPU
		{39FA2734-661B-4466-AB3D-AAD77B3ED670}.Debug|Any CPU.Build.0 = Debug|Any CPU
		{39FA2734-661B-4466-AB3D-AAD77B3ED670}.Release|Any CPU.ActiveCfg = Release|Any CPU
		{39FA2734-661B-4466-AB3D-AAD77B3ED670}.Release|Any CPU.Build.0 = Release|Any CPU
	EndGlobalSection
	GlobalSection(SolutionProperties) = preSolution
		HideSolutionNode = FALSE
	EndGlobalSection
	GlobalSection(ExtensibilityGlobals) = postSolution
		SolutionGuid = {1AE79609-BBEF-403F-8E7F-28C3BB8E6A39}
	EndGlobalSection
EndGlobal
